
Microsoft Visual Studio Solution File, Format Version 12.00
# Visual Studio 15
VisualStudioVersion = 15.0.26730.16
MinimumVisualStudioVersion = 10.0.40219.1
Project("{FAE04EC0-301F-11D3-BF4B-00C04F79EFBC}") = "ElevenNote.Web", "ElevenNote.Web\ElevenNote.Web.csproj", "{29338456-D514-4A8D-8AA4-F526965E8C5D}"
EndProject
Project("{FAE04EC0-301F-11D3-BF4B-00C04F79EFBC}") = "ElevenNote.Data", "ElevenNote.Data\ElevenNote.Data.csproj", "{C2540905-E89C-4EFB-99B9-9CE873C259C2}"
EndProject
Project("{FAE04EC0-301F-11D3-BF4B-00C04F79EFBC}") = "ElevenNote.Models", "ElevenNote.Models\ElevenNote.Models.csproj", "{EFAAB1B5-B058-45CB-B4B5-C962E5DD74E6}"
EndProject
Project("{FAE04EC0-301F-11D3-BF4B-00C04F79EFBC}") = "ElevenNote.Contracts", "ElevenNote.Contracts\ElevenNote.Contracts.csproj", "{FD0D644D-249D-4819-92A0-198ED7683A5C}"
EndProject
Project("{FAE04EC0-301F-11D3-BF4B-00C04F79EFBC}") = "ElevenNote.Services", "ElevenNote.Services\ElevenNote.Services.csproj", "{C1C2F466-FB2F-4CB0-83A3-3FE3F293203D}"
EndProject
Project("{FAE04EC0-301F-11D3-BF4B-00C04F79EFBC}") = "ElevenNote.Tests", "ElevenNote.Tests\ElevenNote.Tests.csproj", "{52021DC6-64D2-48EC-A016-D99F54F9408A}"
EndProject
Global
	GlobalSection(SolutionConfigurationPlatforms) = preSolution
		Debug|Any CPU = Debug|Any CPU
		Release|Any CPU = Release|Any CPU
	EndGlobalSection
	GlobalSection(ProjectConfigurationPlatforms) = postSolution
		{29338456-D514-4A8D-8AA4-F526965E8C5D}.Debug|Any CPU.ActiveCfg = Debug|Any CPU
		{29338456-D514-4A8D-8AA4-F526965E8C5D}.Debug|Any CPU.Build.0 = Debug|Any CPU
		{29338456-D514-4A8D-8AA4-F526965E8C5D}.Release|Any CPU.ActiveCfg = Release|Any CPU
		{29338456-D514-4A8D-8AA4-F526965E8C5D}.Release|Any CPU.Build.0 = Release|Any CPU
		{C2540905-E89C-4EFB-99B9-9CE873C259C2}.Debug|Any CPU.ActiveCfg = Debug|Any CPU
		{C2540905-E89C-4EFB-99B9-9CE873C259C2}.Debug|Any CPU.Build.0 = Debug|Any CPU
		{C2540905-E89C-4EFB-99B9-9CE873C259C2}.Release|Any CPU.ActiveCfg = Release|Any CPU
		{C2540905-E89C-4EFB-99B9-9CE873C259C2}.Release|Any CPU.Build.0 = Release|Any CPU
		{EFAAB1B5-B058-45CB-B4B5-C962E5DD74E6}.Debug|Any CPU.ActiveCfg = Debug|Any CPU
		{EFAAB1B5-B058-45CB-B4B5-C962E5DD74E6}.Debug|Any CPU.Build.0 = Debug|Any CPU
		{EFAAB1B5-B058-45CB-B4B5-C962E5DD74E6}.Release|Any CPU.ActiveCfg = Release|Any CPU
		{EFAAB1B5-B058-45CB-B4B5-C962E5DD74E6}.Release|Any CPU.Build.0 = Release|Any CPU
		{FD0D644D-249D-4819-92A0-198ED7683A5C}.Debug|Any CPU.ActiveCfg = Debug|Any CPU
		{FD0D644D-249D-4819-92A0-198ED7683A5C}.Debug|Any CPU.Build.0 = Debug|Any CPU
		{FD0D644D-249D-4819-92A0-198ED7683A5C}.Release|Any CPU.ActiveCfg = Release|Any CPU
		{FD0D644D-249D-4819-92A0-198ED7683A5C}.Release|Any CPU.Build.0 = Release|Any CPU
		{C1C2F466-FB2F-4CB0-83A3-3FE3F293203D}.Debug|Any CPU.ActiveCfg = Debug|Any CPU
		{C1C2F466-FB2F-4CB0-83A3-3FE3F293203D}.Debug|Any CPU.Build.0 = Debug|Any CPU
		{C1C2F466-FB2F-4CB0-83A3-3FE3F293203D}.Release|Any CPU.ActiveCfg = Release|Any CPU
		{C1C2F466-FB2F-4CB0-83A3-3FE3F293203D}.Release|Any CPU.Build.0 = Release|Any CPU
		{52021DC6-64D2-48EC-A016-D99F54F9408A}.Debug|Any CPU.ActiveCfg = Debug|Any CPU
		{52021DC6-64D2-48EC-A016-D99F54F9408A}.Debug|Any CPU.Build.0 = Debug|Any CPU
		{52021DC6-64D2-48EC-A016-D99F54F9408A}.Release|Any CPU.ActiveCfg = Release|Any CPU
		{52021DC6-64D2-48EC-A016-D99F54F9408A}.Release|Any CPU.Build.0 = Release|Any CPU
	EndGlobalSection
	GlobalSection(SolutionProperties) = preSolution
		HideSolutionNode = FALSE
	EndGlobalSection
	GlobalSection(ExtensibilityGlobals) = postSolution
		SolutionGuid = {F2129DFC-E75C-45D8-841B-8C06304B848D}
	EndGlobalSection
EndGlobal
